# This file is autogenerated, do not edit; changes may be undone by the next 'dep ensure'.


[[projects]]
  digest = "1:6d030baec6dd4a8fbc671920e1b84103439c57ca28f83356d9bce4b8fa4b0ea0"
  name = "github.com/azer/snakecase"
  packages = ["."]
  pruneopts = "UT"
  revision = "c818dddafb5c91bd13275f49b08e38a489cbef5f"

[[projects]]
  digest = "1:3fbbc23e9e9423845a48672f9f6ef67d9f748cb4162566cc0a690dfa634377ce"
  name = "github.com/go-sql-driver/mysql"
  packages = ["."]
  pruneopts = "UT"
  revision = "9dee4ca50b83acdf57a35fb9e6fb4be640afa2f3"

[[projects]]
  branch = "master"
  digest = "1:0778dc7fce1b4669a8bfa7ae506ec1f595b6ab0f8989c1c0d22a8ca1144e9972"
  name = "github.com/howeyc/gopass"
  packages = ["."]
  pruneopts = "UT"
  revision = "bf9dde6d0d2c004a008c27aaee91170c786f6db8"

[[projects]]
  digest = "1:adaa66a1d9957134502570a54be8aaa00121c98de98c4e823f96ac38ae89a68f"
  name = "github.com/jessevdk/go-flags"
  packages = ["."]
  pruneopts = "UT"
  revision = "460c7bb0abd6e927f2767cadc91aa6ef776a98b4"

[[projects]]
  digest = "1:b56c589214f01a5601e0821387db484617392d0042f26234bf2da853a2f498a1"
  name = "github.com/naoina/go-stringutil"
  packages = ["."]
  pruneopts = "UT"
  revision = "6b638e95a32d0c1131db0e7fe83775cbea4a0d0b"
  version = "v0.1.0"

[[projects]]
  digest = "1:b6cd3c63bbf938e5cfccbd749317de66c5941089e124c2964813371256fa11d0"
  name = "golang.org/x/crypto"
  packages = ["ssh/terminal"]
  pruneopts = "UT"
  revision = "cbc3d0884eac986df6e78a039b8792e869bff863"

[[projects]]
  digest = "1:bbf324989601c1c64369916ecc2aee2c0e7249f616c1720ebc7c449735692dc2"
  name = "golang.org/x/sys"
  packages = ["unix"]
  pruneopts = "UT"
  revision = "f3918c30c5c2cb527c0b071a27c35120a6c0719a"

[solve-meta]
  analyzer-name = "dep"
  analyzer-version = 1
  input-imports = [
    "github.com/azer/snakecase",
    "github.com/go-sql-driver/mysql",
    "github.com/howeyc/gopass",
    "github.com/jessevdk/go-flags",
    "github.com/naoina/go-stringutil",
  ]
  solver-name = "gps-cdcl"
  solver-version = 1
